
Microsoft Visual Studio Solution File, Format Version 12.00
# Visual Studio Version 17
VisualStudioVersion = 17.2.32630.192
MinimumVisualStudioVersion = 10.0.40219.1
Project("{FAE04EC0-301F-11D3-BF4B-00C04F79EFBC}") = "ViolenMoonee_Leave Managment System", "ViolenMoonee_Leave Managment System\ViolenMoonee_Leave Managment System.csproj", "{35D6510C-CE56-4173-9151-0D9D7DEBDBDD}"
EndProject
Global
	GlobalSection(SolutionConfigurationPlatforms) = preSolution
		Debug|Any CPU = Debug|Any CPU
		Release|Any CPU = Release|Any CPU
	EndGlobalSection
	GlobalSection(ProjectConfigurationPlatforms) = postSolution
		{35D6510C-CE56-4173-9151-0D9D7DEBDBDD}.Debug|Any CPU.ActiveCfg = Debug|Any CPU
		{35D6510C-CE56-4173-9151-0D9D7DEBDBDD}.Debug|Any CPU.Build.0 = Debug|Any CPU
		{35D6510C-CE56-4173-9151-0D9D7DEBDBDD}.Release|Any CPU.ActiveCfg = Release|Any CPU
		{35D6510C-CE56-4173-9151-0D9D7DEBDBDD}.Release|Any CPU.Build.0 = Release|Any CPU
	EndGlobalSection
	GlobalSection(SolutionProperties) = preSolution
		HideSolutionNode = FALSE
	EndGlobalSection
	GlobalSection(ExtensibilityGlobals) = postSolution
		SolutionGuid = {22353FF3-5C89-4D0F-8CD2-6E6ACF260F62}
	EndGlobalSection
EndGlobal
